
Microsoft Visual Studio Solution File, Format Version 12.00
# Visual Studio Version 16
VisualStudioVersion = 25.0.1700.2
MinimumVisualStudioVersion = 10.0.40219.1
Project("{2150E333-8FDC-42A3-9474-1A3956D46DE8}") = "FrontEnd", "FrontEnd", "{D515F21C-99D4-4221-9D09-EEE65326A6C3}"
EndProject
Project("{FAE04EC0-301F-11D3-BF4B-00C04F79EFBC}") = "Mango.Web", "Mango.Web\Mango.Web.csproj", "{55592540-5CF0-4063-9E68-5642ED401B29}"
EndProject
Project("{2150E333-8FDC-42A3-9474-1A3956D46DE8}") = "Services", "Services", "{E820860E-70B2-44FD-90AD-CEA14EB0C6A9}"
EndProject
Project("{FAE04EC0-301F-11D3-BF4B-00C04F79EFBC}") = "Mango.Services.ProductAPI", "Mango.Services.API\Mango.Services.ProductAPI.csproj", "{17562C0E-80F7-4084-AB47-815C302553B1}"
EndProject
Project("{2150E333-8FDC-42A3-9474-1A3956D46DE8}") = "Solution Items", "Solution Items", "{1A41EC55-D618-47EF-95DD-45CEB639953E}"
	ProjectSection(SolutionItems) = preProject
		.editorconfig = .editorconfig
	EndProjectSection
EndProject
Global
	GlobalSection(SolutionConfigurationPlatforms) = preSolution
		Debug|Any CPU = Debug|Any CPU
		Release|Any CPU = Release|Any CPU
	EndGlobalSection
	GlobalSection(ProjectConfigurationPlatforms) = postSolution
		{55592540-5CF0-4063-9E68-5642ED401B29}.Debug|Any CPU.ActiveCfg = Debug|Any CPU
		{55592540-5CF0-4063-9E68-5642ED401B29}.Debug|Any CPU.Build.0 = Debug|Any CPU
		{55592540-5CF0-4063-9E68-5642ED401B29}.Release|Any CPU.ActiveCfg = Release|Any CPU
		{55592540-5CF0-4063-9E68-5642ED401B29}.Release|Any CPU.Build.0 = Release|Any CPU
		{17562C0E-80F7-4084-AB47-815C302553B1}.Debug|Any CPU.ActiveCfg = Debug|Any CPU
		{17562C0E-80F7-4084-AB47-815C302553B1}.Debug|Any CPU.Build.0 = Debug|Any CPU
		{17562C0E-80F7-4084-AB47-815C302553B1}.Release|Any CPU.ActiveCfg = Release|Any CPU
		{17562C0E-80F7-4084-AB47-815C302553B1}.Release|Any CPU.Build.0 = Release|Any CPU
	EndGlobalSection
	GlobalSection(SolutionProperties) = preSolution
		HideSolutionNode = FALSE
	EndGlobalSection
	GlobalSection(ExtensibilityGlobals) = postSolution
		SolutionGuid = {AF83CD57-A5B6-40C8-ABEE-B3A1BBFB844A}
	EndGlobalSection
	GlobalSection(NestedProjects) = preSolution
		{55592540-5CF0-4063-9E68-5642ED401B29} = {D515F21C-99D4-4221-9D09-EEE65326A6C3}
		{17562C0E-80F7-4084-AB47-815C302553B1} = {E820860E-70B2-44FD-90AD-CEA14EB0C6A9}
	EndGlobalSection
EndGlobal
